
Microsoft Visual Studio Solution File, Format Version 12.00
# Visual Studio 2013
VisualStudioVersion = 12.0.21005.1
MinimumVisualStudioVersion = 10.0.40219.1
Project("{8BC9CEB8-8B4A-11D0-8D11-00A0C91BC942}") = "Pong", "Pong\Pong.vcxproj", "{C625241B-39DC-4E35-B9F9-528F5EC5EBDA}"
EndProject
Project("{888888A0-9F3D-457C-B088-3A5042F75D52}") = "PongServer", "PongServer\PongServer.pyproj", "{578B4E42-2547-40C0-8A79-2C1874D6030B}"
EndProject
Global
	GlobalSection(SolutionConfigurationPlatforms) = preSolution
		Debug|Any CPU = Debug|Any CPU
		Debug|ARM = Debug|ARM
		Debug|Mixed Platforms = Debug|Mixed Platforms
		Debug|Win32 = Debug|Win32
		Debug|x64 = Debug|x64
		Debug|x86 = Debug|x86
		Release|Any CPU = Release|Any CPU
		Release|ARM = Release|ARM
		Release|Mixed Platforms = Release|Mixed Platforms
		Release|Win32 = Release|Win32
		Release|x64 = Release|x64
		Release|x86 = Release|x86
	EndGlobalSection
	GlobalSection(ProjectConfigurationPlatforms) = postSolution
		{C625241B-39DC-4E35-B9F9-528F5EC5EBDA}.Debug|Any CPU.ActiveCfg = Debug|Win32
		{C625241B-39DC-4E35-B9F9-528F5EC5EBDA}.Debug|ARM.ActiveCfg = Debug|Win32
		{C625241B-39DC-4E35-B9F9-528F5EC5EBDA}.Debug|Mixed Platforms.ActiveCfg = Debug|x64
		{C625241B-39DC-4E35-B9F9-528F5EC5EBDA}.Debug|Mixed Platforms.Build.0 = Debug|x64
		{C625241B-39DC-4E35-B9F9-528F5EC5EBDA}.Debug|Win32.ActiveCfg = Debug|Win32
		{C625241B-39DC-4E35-B9F9-528F5EC5EBDA}.Debug|Win32.Build.0 = Debug|Win32
		{C625241B-39DC-4E35-B9F9-528F5EC5EBDA}.Debug|x64.ActiveCfg = Debug|x64
		{C625241B-39DC-4E35-B9F9-528F5EC5EBDA}.Debug|x64.Build.0 = Debug|x64
		{C625241B-39DC-4E35-B9F9-528F5EC5EBDA}.Debug|x64.Deploy.0 = Debug|x64
		{C625241B-39DC-4E35-B9F9-528F5EC5EBDA}.Debug|x86.ActiveCfg = Debug|Win32
		{C625241B-39DC-4E35-B9F9-528F5EC5EBDA}.Debug|x86.Build.0 = Debug|Win32
		{C625241B-39DC-4E35-B9F9-528F5EC5EBDA}.Release|Any CPU.ActiveCfg = Release|Win32
		{C625241B-39DC-4E35-B9F9-528F5EC5EBDA}.Release|ARM.ActiveCfg = Release|Win32
		{C625241B-39DC-4E35-B9F9-528F5EC5EBDA}.Release|Mixed Platforms.ActiveCfg = Release|Win32
		{C625241B-39DC-4E35-B9F9-528F5EC5EBDA}.Release|Mixed Platforms.Build.0 = Release|Win32
		{C625241B-39DC-4E35-B9F9-528F5EC5EBDA}.Release|Win32.ActiveCfg = Release|Win32
		{C625241B-39DC-4E35-B9F9-528F5EC5EBDA}.Release|Win32.Build.0 = Release|Win32
		{C625241B-39DC-4E35-B9F9-528F5EC5EBDA}.Release|x64.ActiveCfg = Release|x64
		{C625241B-39DC-4E35-B9F9-528F5EC5EBDA}.Release|x64.Build.0 = Release|x64
		{C625241B-39DC-4E35-B9F9-528F5EC5EBDA}.Release|x86.ActiveCfg = Release|Win32
		{C625241B-39DC-4E35-B9F9-528F5EC5EBDA}.Release|x86.Build.0 = Release|Win32
		{578B4E42-2547-40C0-8A79-2C1874D6030B}.Debug|Any CPU.ActiveCfg = Debug|Any CPU
		{578B4E42-2547-40C0-8A79-2C1874D6030B}.Debug|Any CPU.Build.0 = Debug|Any CPU
		{578B4E42-2547-40C0-8A79-2C1874D6030B}.Debug|ARM.ActiveCfg = Debug|Any CPU
		{578B4E42-2547-40C0-8A79-2C1874D6030B}.Debug|Mixed Platforms.ActiveCfg = Debug|Any CPU
		{578B4E42-2547-40C0-8A79-2C1874D6030B}.Debug|Mixed Platforms.Build.0 = Debug|Any CPU
		{578B4E42-2547-40C0-8A79-2C1874D6030B}.Debug|Win32.ActiveCfg = Debug|Any CPU
		{578B4E42-2547-40C0-8A79-2C1874D6030B}.Debug|x64.ActiveCfg = Debug|Any CPU
		{578B4E42-2547-40C0-8A79-2C1874D6030B}.Debug|x86.ActiveCfg = Debug|Any CPU
		{578B4E42-2547-40C0-8A79-2C1874D6030B}.Release|Any CPU.ActiveCfg = Release|Any CPU
		{578B4E42-2547-40C0-8A79-2C1874D6030B}.Release|Any CPU.Build.0 = Release|Any CPU
		{578B4E42-2547-40C0-8A79-2C1874D6030B}.Release|ARM.ActiveCfg = Release|Any CPU
		{578B4E42-2547-40C0-8A79-2C1874D6030B}.Release|Mixed Platforms.ActiveCfg = Release|Any CPU
		{578B4E42-2547-40C0-8A79-2C1874D6030B}.Release|Mixed Platforms.Build.0 = Release|Any CPU
		{578B4E42-2547-40C0-8A79-2C1874D6030B}.Release|Win32.ActiveCfg = Release|Any CPU
		{578B4E42-2547-40C0-8A79-2C1874D6030B}.Release|x64.ActiveCfg = Release|Any CPU
		{578B4E42-2547-40C0-8A79-2C1874D6030B}.Release|x86.ActiveCfg = Release|Any CPU
	EndGlobalSection
	GlobalSection(SolutionProperties) = preSolution
		HideSolutionNode = FALSE
	EndGlobalSection
EndGlobal
